{
  "requires": true,
  "lockfileVersion": 1,
  "dependencies": {
    "osrm-text-instructions": {
      "version": "0.11.0",
      "resolved": "https://registry.npmjs.org/osrm-text-instructions/-/osrm-text-instructions-0.11.0.tgz",
      "integrity": "sha512-VRet42snNu0nCqcF/lIoHfmkILvXZQD0b3Evc/6qmD6xRkYfOkFqhrxRY0wqcn/cFqOzx63bETAcyKhtEjEBDQ=="
    }
  }
}
