{
  "requires": true,
  "lockfileVersion": 1,
  "dependencies": {
    "osrm-text-instructions": {
      "version": "0.10.6",
      "resolved": "https://registry.npmjs.org/osrm-text-instructions/-/osrm-text-instructions-0.10.6.tgz",
      "integrity": "sha512-mQ92NTehUnBxArhnihW1VkiPu1AktEPyXLMdzKICGQ3faEpEBd9h9YII1vp0fTa9pQ84z+cIT373MofSRSDkWQ=="
    }
  }
}
